
Microsoft Visual Studio Solution File, Format Version 12.00
# Visual Studio 15
Project("{FAE04EC0-301F-11D3-BF4B-00C04F79EFBC}") = "TSA Game 2017-2018", "TSA Game 2017-2018.csproj", "{8C612F6C-EEF3-AAC0-8C7B-F0ABEE297B37}"
EndProject
Global
	GlobalSection(SolutionConfigurationPlatforms) = preSolution
		Debug|Any CPU = Debug|Any CPU
		Release|Any CPU = Release|Any CPU
	EndGlobalSection
	GlobalSection(ProjectConfigurationPlatforms) = postSolution
		{8C612F6C-EEF3-AAC0-8C7B-F0ABEE297B37}.Debug|Any CPU.ActiveCfg = Debug|Any CPU
		{8C612F6C-EEF3-AAC0-8C7B-F0ABEE297B37}.Debug|Any CPU.Build.0 = Debug|Any CPU
		{8C612F6C-EEF3-AAC0-8C7B-F0ABEE297B37}.Release|Any CPU.ActiveCfg = Release|Any CPU
		{8C612F6C-EEF3-AAC0-8C7B-F0ABEE297B37}.Release|Any CPU.Build.0 = Release|Any CPU
	EndGlobalSection
	GlobalSection(SolutionProperties) = preSolution
		HideSolutionNode = FALSE
	EndGlobalSection
EndGlobal
